<?xml version="1.0" encoding="utf-8"?>
<Project ToolsVersion="16.0" xmlns="http://schemas.microsoft.com/developer/msbuild/2003">
  <ItemGroup>
    <ClCompile Include="C:\Users\Jim\source\repos\royalty\royalib\ext\json\example\tutorial\tutorial.cpp">
      <Filter>Source Files</Filter>
    </ClCompile>
  </ItemGroup>
  <ItemGroup>
    <CustomBuild Include="C:\Users\Jim\source\repos\royalty\royalib\ext\json\example\CMakeLists.txt" />
  </ItemGroup>
  <ItemGroup>
    <Filter Include="Source Files">
      <UniqueIdentifier>{7BF91BF0-7614-399A-BC9A-1F2FA36065B7}</UniqueIdentifier>
    </Filter>
  </ItemGroup>
</Project>
