<?xml version="1.0" encoding="utf-8"?>
<Project ToolsVersion="16.0" xmlns="http://schemas.microsoft.com/developer/msbuild/2003">
  <ItemGroup>
    <CustomBuild Include="C:\Users\Jim\source\repos\royalty\royalib\ext\json\CMakeFiles\4da5906b2d68fb3ed364d15a44ce64b1\RUN_TESTS_force.rule">
      <Filter>CMake Rules</Filter>
    </CustomBuild>
  </ItemGroup>
  <ItemGroup>
    <Filter Include="CMake Rules">
      <UniqueIdentifier>{DCEA8C96-80DA-3088-8435-2508B42A9DE5}</UniqueIdentifier>
    </Filter>
  </ItemGroup>
</Project>
