
Microsoft Visual Studio Solution File, Format Version 12.00
# Visual Studio Version 16
Project("{8BC9CEB8-8B4A-11D0-8D11-00A0C91BC942}") = "ALL_BUILD", "ALL_BUILD.vcxproj", "{BA6B07A1-2E04-3A46-878C-58E043CFE99F}"
	ProjectSection(ProjectDependencies) = postProject
		{C7927DA2-EC7E-34AA-B60B-5DDC4E7C3331} = {C7927DA2-EC7E-34AA-B60B-5DDC4E7C3331}
		{63EBE0C7-F430-342D-AD72-D53B1531B5C5} = {63EBE0C7-F430-342D-AD72-D53B1531B5C5}
		{D06F771D-FCCC-3EE4-8F89-7C2C690DEE6B} = {D06F771D-FCCC-3EE4-8F89-7C2C690DEE6B}
		{677B2EDF-79FE-3530-91AF-7C7DF0CE1EE8} = {677B2EDF-79FE-3530-91AF-7C7DF0CE1EE8}
		{9C19D3C8-1A16-32F5-B66C-F167802A42B7} = {9C19D3C8-1A16-32F5-B66C-F167802A42B7}
		{49DB4519-3474-3DD9-A05D-DBF8813676E9} = {49DB4519-3474-3DD9-A05D-DBF8813676E9}
		{74DB80C6-DA91-3A97-8618-54A6B9A32D21} = {74DB80C6-DA91-3A97-8618-54A6B9A32D21}
		{84A1E2D5-0549-33E5-A602-EE168C20F741} = {84A1E2D5-0549-33E5-A602-EE168C20F741}
		{92215D41-17DB-3E51-A4CB-861058E73D60} = {92215D41-17DB-3E51-A4CB-861058E73D60}
		{8BCB2575-5A75-36CF-A3FD-5199C51E3A30} = {8BCB2575-5A75-36CF-A3FD-5199C51E3A30}
		{A7B09081-AFEC-3934-8C91-BE6BDE874F28} = {A7B09081-AFEC-3934-8C91-BE6BDE874F28}
		{B59DE82A-63E6-36C8-8953-48D9763A90C9} = {B59DE82A-63E6-36C8-8953-48D9763A90C9}
		{66195992-8913-3F35-87E6-9A74BD644E32} = {66195992-8913-3F35-87E6-9A74BD644E32}
		{BAE4CDFB-1ECB-328E-A4EE-3474AC360F4F} = {BAE4CDFB-1ECB-328E-A4EE-3474AC360F4F}
		{534D2B0D-7090-3678-B075-0F7705C83CE3} = {534D2B0D-7090-3678-B075-0F7705C83CE3}
		{38E29F09-A31D-31B3-B0D5-0BA4C2BC1082} = {38E29F09-A31D-31B3-B0D5-0BA4C2BC1082}
		{05D06B3A-DD18-39B0-BE6B-D509300C12D9} = {05D06B3A-DD18-39B0-BE6B-D509300C12D9}
		{55FA4682-42B1-393C-A187-9AC3BD265645} = {55FA4682-42B1-393C-A187-9AC3BD265645}
		{246E3889-A931-3388-A4C1-C01D08BB0827} = {246E3889-A931-3388-A4C1-C01D08BB0827}
		{519B1D8E-F152-3AEE-9625-191F50087075} = {519B1D8E-F152-3AEE-9625-191F50087075}
		{5BE45745-E4E1-3AC8-AC62-1948F39F48AC} = {5BE45745-E4E1-3AC8-AC62-1948F39F48AC}
	EndProjectSection
EndProject
Project("{8BC9CEB8-8B4A-11D0-8D11-00A0C91BC942}") = "Continuous", "Continuous.vcxproj", "{40DD8515-8AC4-36FE-B812-FE6A23A3E436}"
	ProjectSection(ProjectDependencies) = postProject
		{C7927DA2-EC7E-34AA-B60B-5DDC4E7C3331} = {C7927DA2-EC7E-34AA-B60B-5DDC4E7C3331}
	EndProjectSection
EndProject
Project("{8BC9CEB8-8B4A-11D0-8D11-00A0C91BC942}") = "Experimental", "Experimental.vcxproj", "{2067E0C5-8A5D-30D3-BC94-60A66024AEA0}"
	ProjectSection(ProjectDependencies) = postProject
		{C7927DA2-EC7E-34AA-B60B-5DDC4E7C3331} = {C7927DA2-EC7E-34AA-B60B-5DDC4E7C3331}
	EndProjectSection
EndProject
Project("{8BC9CEB8-8B4A-11D0-8D11-00A0C91BC942}") = "INSTALL", "INSTALL.vcxproj", "{875259E7-C251-3602-8423-41660782BA2E}"
	ProjectSection(ProjectDependencies) = postProject
		{BA6B07A1-2E04-3A46-878C-58E043CFE99F} = {BA6B07A1-2E04-3A46-878C-58E043CFE99F}
		{C7927DA2-EC7E-34AA-B60B-5DDC4E7C3331} = {C7927DA2-EC7E-34AA-B60B-5DDC4E7C3331}
	EndProjectSection
EndProject
Project("{8BC9CEB8-8B4A-11D0-8D11-00A0C91BC942}") = "Nightly", "Nightly.vcxproj", "{7B8B49B0-9C02-3554-BAB5-5675E731E1F0}"
	ProjectSection(ProjectDependencies) = postProject
		{C7927DA2-EC7E-34AA-B60B-5DDC4E7C3331} = {C7927DA2-EC7E-34AA-B60B-5DDC4E7C3331}
	EndProjectSection
EndProject
Project("{8BC9CEB8-8B4A-11D0-8D11-00A0C91BC942}") = "NightlyMemoryCheck", "NightlyMemoryCheck.vcxproj", "{0BF0DBD8-E011-36C4-BC90-A96F5421EFF8}"
	ProjectSection(ProjectDependencies) = postProject
		{C7927DA2-EC7E-34AA-B60B-5DDC4E7C3331} = {C7927DA2-EC7E-34AA-B60B-5DDC4E7C3331}
	EndProjectSection
EndProject
Project("{8BC9CEB8-8B4A-11D0-8D11-00A0C91BC942}") = "RUN_TESTS", "RUN_TESTS.vcxproj", "{43EFF99A-D551-3606-9C74-0717A6D29656}"
	ProjectSection(ProjectDependencies) = postProject
		{C7927DA2-EC7E-34AA-B60B-5DDC4E7C3331} = {C7927DA2-EC7E-34AA-B60B-5DDC4E7C3331}
	EndProjectSection
EndProject
Project("{8BC9CEB8-8B4A-11D0-8D11-00A0C91BC942}") = "ZERO_CHECK", "ZERO_CHECK.vcxproj", "{C7927DA2-EC7E-34AA-B60B-5DDC4E7C3331}"
	ProjectSection(ProjectDependencies) = postProject
	EndProjectSection
EndProject
Project("{8BC9CEB8-8B4A-11D0-8D11-00A0C91BC942}") = "archivertest", "example\archivertest.vcxproj", "{63EBE0C7-F430-342D-AD72-D53B1531B5C5}"
	ProjectSection(ProjectDependencies) = postProject
		{C7927DA2-EC7E-34AA-B60B-5DDC4E7C3331} = {C7927DA2-EC7E-34AA-B60B-5DDC4E7C3331}
	EndProjectSection
EndProject
Project("{8BC9CEB8-8B4A-11D0-8D11-00A0C91BC942}") = "capitalize", "example\capitalize.vcxproj", "{D06F771D-FCCC-3EE4-8F89-7C2C690DEE6B}"
	ProjectSection(ProjectDependencies) = postProject
		{C7927DA2-EC7E-34AA-B60B-5DDC4E7C3331} = {C7927DA2-EC7E-34AA-B60B-5DDC4E7C3331}
	EndProjectSection
EndProject
Project("{8BC9CEB8-8B4A-11D0-8D11-00A0C91BC942}") = "condense", "example\condense.vcxproj", "{677B2EDF-79FE-3530-91AF-7C7DF0CE1EE8}"
	ProjectSection(ProjectDependencies) = postProject
		{C7927DA2-EC7E-34AA-B60B-5DDC4E7C3331} = {C7927DA2-EC7E-34AA-B60B-5DDC4E7C3331}
	EndProjectSection
EndProject
Project("{8BC9CEB8-8B4A-11D0-8D11-00A0C91BC942}") = "examples", "example\examples.vcxproj", "{9C19D3C8-1A16-32F5-B66C-F167802A42B7}"
	ProjectSection(ProjectDependencies) = postProject
		{C7927DA2-EC7E-34AA-B60B-5DDC4E7C3331} = {C7927DA2-EC7E-34AA-B60B-5DDC4E7C3331}
		{D06F771D-FCCC-3EE4-8F89-7C2C690DEE6B} = {D06F771D-FCCC-3EE4-8F89-7C2C690DEE6B}
		{677B2EDF-79FE-3530-91AF-7C7DF0CE1EE8} = {677B2EDF-79FE-3530-91AF-7C7DF0CE1EE8}
		{49DB4519-3474-3DD9-A05D-DBF8813676E9} = {49DB4519-3474-3DD9-A05D-DBF8813676E9}
		{74DB80C6-DA91-3A97-8618-54A6B9A32D21} = {74DB80C6-DA91-3A97-8618-54A6B9A32D21}
		{84A1E2D5-0549-33E5-A602-EE168C20F741} = {84A1E2D5-0549-33E5-A602-EE168C20F741}
		{92215D41-17DB-3E51-A4CB-861058E73D60} = {92215D41-17DB-3E51-A4CB-861058E73D60}
		{8BCB2575-5A75-36CF-A3FD-5199C51E3A30} = {8BCB2575-5A75-36CF-A3FD-5199C51E3A30}
		{A7B09081-AFEC-3934-8C91-BE6BDE874F28} = {A7B09081-AFEC-3934-8C91-BE6BDE874F28}
		{B59DE82A-63E6-36C8-8953-48D9763A90C9} = {B59DE82A-63E6-36C8-8953-48D9763A90C9}
		{66195992-8913-3F35-87E6-9A74BD644E32} = {66195992-8913-3F35-87E6-9A74BD644E32}
		{BAE4CDFB-1ECB-328E-A4EE-3474AC360F4F} = {BAE4CDFB-1ECB-328E-A4EE-3474AC360F4F}
		{534D2B0D-7090-3678-B075-0F7705C83CE3} = {534D2B0D-7090-3678-B075-0F7705C83CE3}
		{38E29F09-A31D-31B3-B0D5-0BA4C2BC1082} = {38E29F09-A31D-31B3-B0D5-0BA4C2BC1082}
		{05D06B3A-DD18-39B0-BE6B-D509300C12D9} = {05D06B3A-DD18-39B0-BE6B-D509300C12D9}
		{55FA4682-42B1-393C-A187-9AC3BD265645} = {55FA4682-42B1-393C-A187-9AC3BD265645}
		{246E3889-A931-3388-A4C1-C01D08BB0827} = {246E3889-A931-3388-A4C1-C01D08BB0827}
		{519B1D8E-F152-3AEE-9625-191F50087075} = {519B1D8E-F152-3AEE-9625-191F50087075}
		{5BE45745-E4E1-3AC8-AC62-1948F39F48AC} = {5BE45745-E4E1-3AC8-AC62-1948F39F48AC}
	EndProjectSection
EndProject
Project("{8BC9CEB8-8B4A-11D0-8D11-00A0C91BC942}") = "filterkey", "example\filterkey.vcxproj", "{49DB4519-3474-3DD9-A05D-DBF8813676E9}"
	ProjectSection(ProjectDependencies) = postProject
		{C7927DA2-EC7E-34AA-B60B-5DDC4E7C3331} = {C7927DA2-EC7E-34AA-B60B-5DDC4E7C3331}
	EndProjectSection
EndProject
Project("{8BC9CEB8-8B4A-11D0-8D11-00A0C91BC942}") = "filterkeydom", "example\filterkeydom.vcxproj", "{74DB80C6-DA91-3A97-8618-54A6B9A32D21}"
	ProjectSection(ProjectDependencies) = postProject
		{C7927DA2-EC7E-34AA-B60B-5DDC4E7C3331} = {C7927DA2-EC7E-34AA-B60B-5DDC4E7C3331}
	EndProjectSection
EndProject
Project("{8BC9CEB8-8B4A-11D0-8D11-00A0C91BC942}") = "jsonx", "example\jsonx.vcxproj", "{84A1E2D5-0549-33E5-A602-EE168C20F741}"
	ProjectSection(ProjectDependencies) = postProject
		{C7927DA2-EC7E-34AA-B60B-5DDC4E7C3331} = {C7927DA2-EC7E-34AA-B60B-5DDC4E7C3331}
	EndProjectSection
EndProject
Project("{8BC9CEB8-8B4A-11D0-8D11-00A0C91BC942}") = "lookaheadparser", "example\lookaheadparser.vcxproj", "{92215D41-17DB-3E51-A4CB-861058E73D60}"
	ProjectSection(ProjectDependencies) = postProject
		{C7927DA2-EC7E-34AA-B60B-5DDC4E7C3331} = {C7927DA2-EC7E-34AA-B60B-5DDC4E7C3331}
	EndProjectSection
EndProject
Project("{8BC9CEB8-8B4A-11D0-8D11-00A0C91BC942}") = "messagereader", "example\messagereader.vcxproj", "{8BCB2575-5A75-36CF-A3FD-5199C51E3A30}"
	ProjectSection(ProjectDependencies) = postProject
		{C7927DA2-EC7E-34AA-B60B-5DDC4E7C3331} = {C7927DA2-EC7E-34AA-B60B-5DDC4E7C3331}
	EndProjectSection
EndProject
Project("{8BC9CEB8-8B4A-11D0-8D11-00A0C91BC942}") = "parsebyparts", "example\parsebyparts.vcxproj", "{A7B09081-AFEC-3934-8C91-BE6BDE874F28}"
	ProjectSection(ProjectDependencies) = postProject
		{C7927DA2-EC7E-34AA-B60B-5DDC4E7C3331} = {C7927DA2-EC7E-34AA-B60B-5DDC4E7C3331}
	EndProjectSection
EndProject
Project("{8BC9CEB8-8B4A-11D0-8D11-00A0C91BC942}") = "pretty", "example\pretty.vcxproj", "{B59DE82A-63E6-36C8-8953-48D9763A90C9}"
	ProjectSection(ProjectDependencies) = postProject
		{C7927DA2-EC7E-34AA-B60B-5DDC4E7C3331} = {C7927DA2-EC7E-34AA-B60B-5DDC4E7C3331}
	EndProjectSection
EndProject
Project("{8BC9CEB8-8B4A-11D0-8D11-00A0C91BC942}") = "prettyauto", "example\prettyauto.vcxproj", "{66195992-8913-3F35-87E6-9A74BD644E32}"
	ProjectSection(ProjectDependencies) = postProject
		{C7927DA2-EC7E-34AA-B60B-5DDC4E7C3331} = {C7927DA2-EC7E-34AA-B60B-5DDC4E7C3331}
	EndProjectSection
EndProject
Project("{8BC9CEB8-8B4A-11D0-8D11-00A0C91BC942}") = "schemavalidator", "example\schemavalidator.vcxproj", "{BAE4CDFB-1ECB-328E-A4EE-3474AC360F4F}"
	ProjectSection(ProjectDependencies) = postProject
		{C7927DA2-EC7E-34AA-B60B-5DDC4E7C3331} = {C7927DA2-EC7E-34AA-B60B-5DDC4E7C3331}
	EndProjectSection
EndProject
Project("{8BC9CEB8-8B4A-11D0-8D11-00A0C91BC942}") = "serialize", "example\serialize.vcxproj", "{534D2B0D-7090-3678-B075-0F7705C83CE3}"
	ProjectSection(ProjectDependencies) = postProject
		{C7927DA2-EC7E-34AA-B60B-5DDC4E7C3331} = {C7927DA2-EC7E-34AA-B60B-5DDC4E7C3331}
	EndProjectSection
EndProject
Project("{8BC9CEB8-8B4A-11D0-8D11-00A0C91BC942}") = "simpledom", "example\simpledom.vcxproj", "{38E29F09-A31D-31B3-B0D5-0BA4C2BC1082}"
	ProjectSection(ProjectDependencies) = postProject
		{C7927DA2-EC7E-34AA-B60B-5DDC4E7C3331} = {C7927DA2-EC7E-34AA-B60B-5DDC4E7C3331}
	EndProjectSection
EndProject
Project("{8BC9CEB8-8B4A-11D0-8D11-00A0C91BC942}") = "simplepullreader", "example\simplepullreader.vcxproj", "{05D06B3A-DD18-39B0-BE6B-D509300C12D9}"
	ProjectSection(ProjectDependencies) = postProject
		{C7927DA2-EC7E-34AA-B60B-5DDC4E7C3331} = {C7927DA2-EC7E-34AA-B60B-5DDC4E7C3331}
	EndProjectSection
EndProject
Project("{8BC9CEB8-8B4A-11D0-8D11-00A0C91BC942}") = "simplereader", "example\simplereader.vcxproj", "{55FA4682-42B1-393C-A187-9AC3BD265645}"
	ProjectSection(ProjectDependencies) = postProject
		{C7927DA2-EC7E-34AA-B60B-5DDC4E7C3331} = {C7927DA2-EC7E-34AA-B60B-5DDC4E7C3331}
	EndProjectSection
EndProject
Project("{8BC9CEB8-8B4A-11D0-8D11-00A0C91BC942}") = "simplewriter", "example\simplewriter.vcxproj", "{246E3889-A931-3388-A4C1-C01D08BB0827}"
	ProjectSection(ProjectDependencies) = postProject
		{C7927DA2-EC7E-34AA-B60B-5DDC4E7C3331} = {C7927DA2-EC7E-34AA-B60B-5DDC4E7C3331}
	EndProjectSection
EndProject
Project("{8BC9CEB8-8B4A-11D0-8D11-00A0C91BC942}") = "sortkeys", "example\sortkeys.vcxproj", "{519B1D8E-F152-3AEE-9625-191F50087075}"
	ProjectSection(ProjectDependencies) = postProject
		{C7927DA2-EC7E-34AA-B60B-5DDC4E7C3331} = {C7927DA2-EC7E-34AA-B60B-5DDC4E7C3331}
	EndProjectSection
EndProject
Project("{8BC9CEB8-8B4A-11D0-8D11-00A0C91BC942}") = "travis_doc", "travis_doc.vcxproj", "{450915CF-4A37-3D93-9A34-4D58EA41E2F6}"
	ProjectSection(ProjectDependencies) = postProject
		{C7927DA2-EC7E-34AA-B60B-5DDC4E7C3331} = {C7927DA2-EC7E-34AA-B60B-5DDC4E7C3331}
	EndProjectSection
EndProject
Project("{8BC9CEB8-8B4A-11D0-8D11-00A0C91BC942}") = "tutorial", "example\tutorial.vcxproj", "{5BE45745-E4E1-3AC8-AC62-1948F39F48AC}"
	ProjectSection(ProjectDependencies) = postProject
		{C7927DA2-EC7E-34AA-B60B-5DDC4E7C3331} = {C7927DA2-EC7E-34AA-B60B-5DDC4E7C3331}
	EndProjectSection
EndProject
Global
	GlobalSection(SolutionConfigurationPlatforms) = preSolution
		Debug|x64 = Debug|x64
		Release|x64 = Release|x64
		MinSizeRel|x64 = MinSizeRel|x64
		RelWithDebInfo|x64 = RelWithDebInfo|x64
	EndGlobalSection
	GlobalSection(ProjectConfigurationPlatforms) = postSolution
		{BA6B07A1-2E04-3A46-878C-58E043CFE99F}.Debug|x64.ActiveCfg = Debug|x64
		{BA6B07A1-2E04-3A46-878C-58E043CFE99F}.Debug|x64.Build.0 = Debug|x64
		{BA6B07A1-2E04-3A46-878C-58E043CFE99F}.Release|x64.ActiveCfg = Release|x64
		{BA6B07A1-2E04-3A46-878C-58E043CFE99F}.Release|x64.Build.0 = Release|x64
		{BA6B07A1-2E04-3A46-878C-58E043CFE99F}.MinSizeRel|x64.ActiveCfg = MinSizeRel|x64
		{BA6B07A1-2E04-3A46-878C-58E043CFE99F}.MinSizeRel|x64.Build.0 = MinSizeRel|x64
		{BA6B07A1-2E04-3A46-878C-58E043CFE99F}.RelWithDebInfo|x64.ActiveCfg = RelWithDebInfo|x64
		{BA6B07A1-2E04-3A46-878C-58E043CFE99F}.RelWithDebInfo|x64.Build.0 = RelWithDebInfo|x64
		{40DD8515-8AC4-36FE-B812-FE6A23A3E436}.Debug|x64.ActiveCfg = Debug|x64
		{40DD8515-8AC4-36FE-B812-FE6A23A3E436}.Release|x64.ActiveCfg = Release|x64
		{40DD8515-8AC4-36FE-B812-FE6A23A3E436}.MinSizeRel|x64.ActiveCfg = MinSizeRel|x64
		{40DD8515-8AC4-36FE-B812-FE6A23A3E436}.RelWithDebInfo|x64.ActiveCfg = RelWithDebInfo|x64
		{2067E0C5-8A5D-30D3-BC94-60A66024AEA0}.Debug|x64.ActiveCfg = Debug|x64
		{2067E0C5-8A5D-30D3-BC94-60A66024AEA0}.Release|x64.ActiveCfg = Release|x64
		{2067E0C5-8A5D-30D3-BC94-60A66024AEA0}.MinSizeRel|x64.ActiveCfg = MinSizeRel|x64
		{2067E0C5-8A5D-30D3-BC94-60A66024AEA0}.RelWithDebInfo|x64.ActiveCfg = RelWithDebInfo|x64
		{875259E7-C251-3602-8423-41660782BA2E}.Debug|x64.ActiveCfg = Debug|x64
		{875259E7-C251-3602-8423-41660782BA2E}.Release|x64.ActiveCfg = Release|x64
		{875259E7-C251-3602-8423-41660782BA2E}.MinSizeRel|x64.ActiveCfg = MinSizeRel|x64
		{875259E7-C251-3602-8423-41660782BA2E}.RelWithDebInfo|x64.ActiveCfg = RelWithDebInfo|x64
		{7B8B49B0-9C02-3554-BAB5-5675E731E1F0}.Debug|x64.ActiveCfg = Debug|x64
		{7B8B49B0-9C02-3554-BAB5-5675E731E1F0}.Release|x64.ActiveCfg = Release|x64
		{7B8B49B0-9C02-3554-BAB5-5675E731E1F0}.MinSizeRel|x64.ActiveCfg = MinSizeRel|x64
		{7B8B49B0-9C02-3554-BAB5-5675E731E1F0}.RelWithDebInfo|x64.ActiveCfg = RelWithDebInfo|x64
		{0BF0DBD8-E011-36C4-BC90-A96F5421EFF8}.Debug|x64.ActiveCfg = Debug|x64
		{0BF0DBD8-E011-36C4-BC90-A96F5421EFF8}.Release|x64.ActiveCfg = Release|x64
		{0BF0DBD8-E011-36C4-BC90-A96F5421EFF8}.MinSizeRel|x64.ActiveCfg = MinSizeRel|x64
		{0BF0DBD8-E011-36C4-BC90-A96F5421EFF8}.RelWithDebInfo|x64.ActiveCfg = RelWithDebInfo|x64
		{43EFF99A-D551-3606-9C74-0717A6D29656}.Debug|x64.ActiveCfg = Debug|x64
		{43EFF99A-D551-3606-9C74-0717A6D29656}.Release|x64.ActiveCfg = Release|x64
		{43EFF99A-D551-3606-9C74-0717A6D29656}.MinSizeRel|x64.ActiveCfg = MinSizeRel|x64
		{43EFF99A-D551-3606-9C74-0717A6D29656}.RelWithDebInfo|x64.ActiveCfg = RelWithDebInfo|x64
		{C7927DA2-EC7E-34AA-B60B-5DDC4E7C3331}.Debug|x64.ActiveCfg = Debug|x64
		{C7927DA2-EC7E-34AA-B60B-5DDC4E7C3331}.Debug|x64.Build.0 = Debug|x64
		{C7927DA2-EC7E-34AA-B60B-5DDC4E7C3331}.Release|x64.ActiveCfg = Release|x64
		{C7927DA2-EC7E-34AA-B60B-5DDC4E7C3331}.Release|x64.Build.0 = Release|x64
		{C7927DA2-EC7E-34AA-B60B-5DDC4E7C3331}.MinSizeRel|x64.ActiveCfg = MinSizeRel|x64
		{C7927DA2-EC7E-34AA-B60B-5DDC4E7C3331}.MinSizeRel|x64.Build.0 = MinSizeRel|x64
		{C7927DA2-EC7E-34AA-B60B-5DDC4E7C3331}.RelWithDebInfo|x64.ActiveCfg = RelWithDebInfo|x64
		{C7927DA2-EC7E-34AA-B60B-5DDC4E7C3331}.RelWithDebInfo|x64.Build.0 = RelWithDebInfo|x64
		{63EBE0C7-F430-342D-AD72-D53B1531B5C5}.Debug|x64.ActiveCfg = Debug|x64
		{63EBE0C7-F430-342D-AD72-D53B1531B5C5}.Debug|x64.Build.0 = Debug|x64
		{63EBE0C7-F430-342D-AD72-D53B1531B5C5}.Release|x64.ActiveCfg = Release|x64
		{63EBE0C7-F430-342D-AD72-D53B1531B5C5}.Release|x64.Build.0 = Release|x64
		{63EBE0C7-F430-342D-AD72-D53B1531B5C5}.MinSizeRel|x64.ActiveCfg = MinSizeRel|x64
		{63EBE0C7-F430-342D-AD72-D53B1531B5C5}.MinSizeRel|x64.Build.0 = MinSizeRel|x64
		{63EBE0C7-F430-342D-AD72-D53B1531B5C5}.RelWithDebInfo|x64.ActiveCfg = RelWithDebInfo|x64
		{63EBE0C7-F430-342D-AD72-D53B1531B5C5}.RelWithDebInfo|x64.Build.0 = RelWithDebInfo|x64
		{D06F771D-FCCC-3EE4-8F89-7C2C690DEE6B}.Debug|x64.ActiveCfg = Debug|x64
		{D06F771D-FCCC-3EE4-8F89-7C2C690DEE6B}.Debug|x64.Build.0 = Debug|x64
		{D06F771D-FCCC-3EE4-8F89-7C2C690DEE6B}.Release|x64.ActiveCfg = Release|x64
		{D06F771D-FCCC-3EE4-8F89-7C2C690DEE6B}.Release|x64.Build.0 = Release|x64
		{D06F771D-FCCC-3EE4-8F89-7C2C690DEE6B}.MinSizeRel|x64.ActiveCfg = MinSizeRel|x64
		{D06F771D-FCCC-3EE4-8F89-7C2C690DEE6B}.MinSizeRel|x64.Build.0 = MinSizeRel|x64
		{D06F771D-FCCC-3EE4-8F89-7C2C690DEE6B}.RelWithDebInfo|x64.ActiveCfg = RelWithDebInfo|x64
		{D06F771D-FCCC-3EE4-8F89-7C2C690DEE6B}.RelWithDebInfo|x64.Build.0 = RelWithDebInfo|x64
		{677B2EDF-79FE-3530-91AF-7C7DF0CE1EE8}.Debug|x64.ActiveCfg = Debug|x64
		{677B2EDF-79FE-3530-91AF-7C7DF0CE1EE8}.Debug|x64.Build.0 = Debug|x64
		{677B2EDF-79FE-3530-91AF-7C7DF0CE1EE8}.Release|x64.ActiveCfg = Release|x64
		{677B2EDF-79FE-3530-91AF-7C7DF0CE1EE8}.Release|x64.Build.0 = Release|x64
		{677B2EDF-79FE-3530-91AF-7C7DF0CE1EE8}.MinSizeRel|x64.ActiveCfg = MinSizeRel|x64
		{677B2EDF-79FE-3530-91AF-7C7DF0CE1EE8}.MinSizeRel|x64.Build.0 = MinSizeRel|x64
		{677B2EDF-79FE-3530-91AF-7C7DF0CE1EE8}.RelWithDebInfo|x64.ActiveCfg = RelWithDebInfo|x64
		{677B2EDF-79FE-3530-91AF-7C7DF0CE1EE8}.RelWithDebInfo|x64.Build.0 = RelWithDebInfo|x64
		{9C19D3C8-1A16-32F5-B66C-F167802A42B7}.Debug|x64.ActiveCfg = Debug|x64
		{9C19D3C8-1A16-32F5-B66C-F167802A42B7}.Debug|x64.Build.0 = Debug|x64
		{9C19D3C8-1A16-32F5-B66C-F167802A42B7}.Release|x64.ActiveCfg = Release|x64
		{9C19D3C8-1A16-32F5-B66C-F167802A42B7}.Release|x64.Build.0 = Release|x64
		{9C19D3C8-1A16-32F5-B66C-F167802A42B7}.MinSizeRel|x64.ActiveCfg = MinSizeRel|x64
		{9C19D3C8-1A16-32F5-B66C-F167802A42B7}.MinSizeRel|x64.Build.0 = MinSizeRel|x64
		{9C19D3C8-1A16-32F5-B66C-F167802A42B7}.RelWithDebInfo|x64.ActiveCfg = RelWithDebInfo|x64
		{9C19D3C8-1A16-32F5-B66C-F167802A42B7}.RelWithDebInfo|x64.Build.0 = RelWithDebInfo|x64
		{49DB4519-3474-3DD9-A05D-DBF8813676E9}.Debug|x64.ActiveCfg = Debug|x64
		{49DB4519-3474-3DD9-A05D-DBF8813676E9}.Debug|x64.Build.0 = Debug|x64
		{49DB4519-3474-3DD9-A05D-DBF8813676E9}.Release|x64.ActiveCfg = Release|x64
		{49DB4519-3474-3DD9-A05D-DBF8813676E9}.Release|x64.Build.0 = Release|x64
		{49DB4519-3474-3DD9-A05D-DBF8813676E9}.MinSizeRel|x64.ActiveCfg = MinSizeRel|x64
		{49DB4519-3474-3DD9-A05D-DBF8813676E9}.MinSizeRel|x64.Build.0 = MinSizeRel|x64
		{49DB4519-3474-3DD9-A05D-DBF8813676E9}.RelWithDebInfo|x64.ActiveCfg = RelWithDebInfo|x64
		{49DB4519-3474-3DD9-A05D-DBF8813676E9}.RelWithDebInfo|x64.Build.0 = RelWithDebInfo|x64
		{74DB80C6-DA91-3A97-8618-54A6B9A32D21}.Debug|x64.ActiveCfg = Debug|x64
		{74DB80C6-DA91-3A97-8618-54A6B9A32D21}.Debug|x64.Build.0 = Debug|x64
		{74DB80C6-DA91-3A97-8618-54A6B9A32D21}.Release|x64.ActiveCfg = Release|x64
		{74DB80C6-DA91-3A97-8618-54A6B9A32D21}.Release|x64.Build.0 = Release|x64
		{74DB80C6-DA91-3A97-8618-54A6B9A32D21}.MinSizeRel|x64.ActiveCfg = MinSizeRel|x64
		{74DB80C6-DA91-3A97-8618-54A6B9A32D21}.MinSizeRel|x64.Build.0 = MinSizeRel|x64
		{74DB80C6-DA91-3A97-8618-54A6B9A32D21}.RelWithDebInfo|x64.ActiveCfg = RelWithDebInfo|x64
		{74DB80C6-DA91-3A97-8618-54A6B9A32D21}.RelWithDebInfo|x64.Build.0 = RelWithDebInfo|x64
		{84A1E2D5-0549-33E5-A602-EE168C20F741}.Debug|x64.ActiveCfg = Debug|x64
		{84A1E2D5-0549-33E5-A602-EE168C20F741}.Debug|x64.Build.0 = Debug|x64
		{84A1E2D5-0549-33E5-A602-EE168C20F741}.Release|x64.ActiveCfg = Release|x64
		{84A1E2D5-0549-33E5-A602-EE168C20F741}.Release|x64.Build.0 = Release|x64
		{84A1E2D5-0549-33E5-A602-EE168C20F741}.MinSizeRel|x64.ActiveCfg = MinSizeRel|x64
		{84A1E2D5-0549-33E5-A602-EE168C20F741}.MinSizeRel|x64.Build.0 = MinSizeRel|x64
		{84A1E2D5-0549-33E5-A602-EE168C20F741}.RelWithDebInfo|x64.ActiveCfg = RelWithDebInfo|x64
		{84A1E2D5-0549-33E5-A602-EE168C20F741}.RelWithDebInfo|x64.Build.0 = RelWithDebInfo|x64
		{92215D41-17DB-3E51-A4CB-861058E73D60}.Debug|x64.ActiveCfg = Debug|x64
		{92215D41-17DB-3E51-A4CB-861058E73D60}.Debug|x64.Build.0 = Debug|x64
		{92215D41-17DB-3E51-A4CB-861058E73D60}.Release|x64.ActiveCfg = Release|x64
		{92215D41-17DB-3E51-A4CB-861058E73D60}.Release|x64.Build.0 = Release|x64
		{92215D41-17DB-3E51-A4CB-861058E73D60}.MinSizeRel|x64.ActiveCfg = MinSizeRel|x64
		{92215D41-17DB-3E51-A4CB-861058E73D60}.MinSizeRel|x64.Build.0 = MinSizeRel|x64
		{92215D41-17DB-3E51-A4CB-861058E73D60}.RelWithDebInfo|x64.ActiveCfg = RelWithDebInfo|x64
		{92215D41-17DB-3E51-A4CB-861058E73D60}.RelWithDebInfo|x64.Build.0 = RelWithDebInfo|x64
		{8BCB2575-5A75-36CF-A3FD-5199C51E3A30}.Debug|x64.ActiveCfg = Debug|x64
		{8BCB2575-5A75-36CF-A3FD-5199C51E3A30}.Debug|x64.Build.0 = Debug|x64
		{8BCB2575-5A75-36CF-A3FD-5199C51E3A30}.Release|x64.ActiveCfg = Release|x64
		{8BCB2575-5A75-36CF-A3FD-5199C51E3A30}.Release|x64.Build.0 = Release|x64
		{8BCB2575-5A75-36CF-A3FD-5199C51E3A30}.MinSizeRel|x64.ActiveCfg = MinSizeRel|x64
		{8BCB2575-5A75-36CF-A3FD-5199C51E3A30}.MinSizeRel|x64.Build.0 = MinSizeRel|x64
		{8BCB2575-5A75-36CF-A3FD-5199C51E3A30}.RelWithDebInfo|x64.ActiveCfg = RelWithDebInfo|x64
		{8BCB2575-5A75-36CF-A3FD-5199C51E3A30}.RelWithDebInfo|x64.Build.0 = RelWithDebInfo|x64
		{A7B09081-AFEC-3934-8C91-BE6BDE874F28}.Debug|x64.ActiveCfg = Debug|x64
		{A7B09081-AFEC-3934-8C91-BE6BDE874F28}.Debug|x64.Build.0 = Debug|x64
		{A7B09081-AFEC-3934-8C91-BE6BDE874F28}.Release|x64.ActiveCfg = Release|x64
		{A7B09081-AFEC-3934-8C91-BE6BDE874F28}.Release|x64.Build.0 = Release|x64
		{A7B09081-AFEC-3934-8C91-BE6BDE874F28}.MinSizeRel|x64.ActiveCfg = MinSizeRel|x64
		{A7B09081-AFEC-3934-8C91-BE6BDE874F28}.MinSizeRel|x64.Build.0 = MinSizeRel|x64
		{A7B09081-AFEC-3934-8C91-BE6BDE874F28}.RelWithDebInfo|x64.ActiveCfg = RelWithDebInfo|x64
		{A7B09081-AFEC-3934-8C91-BE6BDE874F28}.RelWithDebInfo|x64.Build.0 = RelWithDebInfo|x64
		{B59DE82A-63E6-36C8-8953-48D9763A90C9}.Debug|x64.ActiveCfg = Debug|x64
		{B59DE82A-63E6-36C8-8953-48D9763A90C9}.Debug|x64.Build.0 = Debug|x64
		{B59DE82A-63E6-36C8-8953-48D9763A90C9}.Release|x64.ActiveCfg = Release|x64
		{B59DE82A-63E6-36C8-8953-48D9763A90C9}.Release|x64.Build.0 = Release|x64
		{B59DE82A-63E6-36C8-8953-48D9763A90C9}.MinSizeRel|x64.ActiveCfg = MinSizeRel|x64
		{B59DE82A-63E6-36C8-8953-48D9763A90C9}.MinSizeRel|x64.Build.0 = MinSizeRel|x64
		{B59DE82A-63E6-36C8-8953-48D9763A90C9}.RelWithDebInfo|x64.ActiveCfg = RelWithDebInfo|x64
		{B59DE82A-63E6-36C8-8953-48D9763A90C9}.RelWithDebInfo|x64.Build.0 = RelWithDebInfo|x64
		{66195992-8913-3F35-87E6-9A74BD644E32}.Debug|x64.ActiveCfg = Debug|x64
		{66195992-8913-3F35-87E6-9A74BD644E32}.Debug|x64.Build.0 = Debug|x64
		{66195992-8913-3F35-87E6-9A74BD644E32}.Release|x64.ActiveCfg = Release|x64
		{66195992-8913-3F35-87E6-9A74BD644E32}.Release|x64.Build.0 = Release|x64
		{66195992-8913-3F35-87E6-9A74BD644E32}.MinSizeRel|x64.ActiveCfg = MinSizeRel|x64
		{66195992-8913-3F35-87E6-9A74BD644E32}.MinSizeRel|x64.Build.0 = MinSizeRel|x64
		{66195992-8913-3F35-87E6-9A74BD644E32}.RelWithDebInfo|x64.ActiveCfg = RelWithDebInfo|x64
		{66195992-8913-3F35-87E6-9A74BD644E32}.RelWithDebInfo|x64.Build.0 = RelWithDebInfo|x64
		{BAE4CDFB-1ECB-328E-A4EE-3474AC360F4F}.Debug|x64.ActiveCfg = Debug|x64
		{BAE4CDFB-1ECB-328E-A4EE-3474AC360F4F}.Debug|x64.Build.0 = Debug|x64
		{BAE4CDFB-1ECB-328E-A4EE-3474AC360F4F}.Release|x64.ActiveCfg = Release|x64
		{BAE4CDFB-1ECB-328E-A4EE-3474AC360F4F}.Release|x64.Build.0 = Release|x64
		{BAE4CDFB-1ECB-328E-A4EE-3474AC360F4F}.MinSizeRel|x64.ActiveCfg = MinSizeRel|x64
		{BAE4CDFB-1ECB-328E-A4EE-3474AC360F4F}.MinSizeRel|x64.Build.0 = MinSizeRel|x64
		{BAE4CDFB-1ECB-328E-A4EE-3474AC360F4F}.RelWithDebInfo|x64.ActiveCfg = RelWithDebInfo|x64
		{BAE4CDFB-1ECB-328E-A4EE-3474AC360F4F}.RelWithDebInfo|x64.Build.0 = RelWithDebInfo|x64
		{534D2B0D-7090-3678-B075-0F7705C83CE3}.Debug|x64.ActiveCfg = Debug|x64
		{534D2B0D-7090-3678-B075-0F7705C83CE3}.Debug|x64.Build.0 = Debug|x64
		{534D2B0D-7090-3678-B075-0F7705C83CE3}.Release|x64.ActiveCfg = Release|x64
		{534D2B0D-7090-3678-B075-0F7705C83CE3}.Release|x64.Build.0 = Release|x64
		{534D2B0D-7090-3678-B075-0F7705C83CE3}.MinSizeRel|x64.ActiveCfg = MinSizeRel|x64
		{534D2B0D-7090-3678-B075-0F7705C83CE3}.MinSizeRel|x64.Build.0 = MinSizeRel|x64
		{534D2B0D-7090-3678-B075-0F7705C83CE3}.RelWithDebInfo|x64.ActiveCfg = RelWithDebInfo|x64
		{534D2B0D-7090-3678-B075-0F7705C83CE3}.RelWithDebInfo|x64.Build.0 = RelWithDebInfo|x64
		{38E29F09-A31D-31B3-B0D5-0BA4C2BC1082}.Debug|x64.ActiveCfg = Debug|x64
		{38E29F09-A31D-31B3-B0D5-0BA4C2BC1082}.Debug|x64.Build.0 = Debug|x64
		{38E29F09-A31D-31B3-B0D5-0BA4C2BC1082}.Release|x64.ActiveCfg = Release|x64
		{38E29F09-A31D-31B3-B0D5-0BA4C2BC1082}.Release|x64.Build.0 = Release|x64
		{38E29F09-A31D-31B3-B0D5-0BA4C2BC1082}.MinSizeRel|x64.ActiveCfg = MinSizeRel|x64
		{38E29F09-A31D-31B3-B0D5-0BA4C2BC1082}.MinSizeRel|x64.Build.0 = MinSizeRel|x64
		{38E29F09-A31D-31B3-B0D5-0BA4C2BC1082}.RelWithDebInfo|x64.ActiveCfg = RelWithDebInfo|x64
		{38E29F09-A31D-31B3-B0D5-0BA4C2BC1082}.RelWithDebInfo|x64.Build.0 = RelWithDebInfo|x64
		{05D06B3A-DD18-39B0-BE6B-D509300C12D9}.Debug|x64.ActiveCfg = Debug|x64
		{05D06B3A-DD18-39B0-BE6B-D509300C12D9}.Debug|x64.Build.0 = Debug|x64
		{05D06B3A-DD18-39B0-BE6B-D509300C12D9}.Release|x64.ActiveCfg = Release|x64
		{05D06B3A-DD18-39B0-BE6B-D509300C12D9}.Release|x64.Build.0 = Release|x64
		{05D06B3A-DD18-39B0-BE6B-D509300C12D9}.MinSizeRel|x64.ActiveCfg = MinSizeRel|x64
		{05D06B3A-DD18-39B0-BE6B-D509300C12D9}.MinSizeRel|x64.Build.0 = MinSizeRel|x64
		{05D06B3A-DD18-39B0-BE6B-D509300C12D9}.RelWithDebInfo|x64.ActiveCfg = RelWithDebInfo|x64
		{05D06B3A-DD18-39B0-BE6B-D509300C12D9}.RelWithDebInfo|x64.Build.0 = RelWithDebInfo|x64
		{55FA4682-42B1-393C-A187-9AC3BD265645}.Debug|x64.ActiveCfg = Debug|x64
		{55FA4682-42B1-393C-A187-9AC3BD265645}.Debug|x64.Build.0 = Debug|x64
		{55FA4682-42B1-393C-A187-9AC3BD265645}.Release|x64.ActiveCfg = Release|x64
		{55FA4682-42B1-393C-A187-9AC3BD265645}.Release|x64.Build.0 = Release|x64
		{55FA4682-42B1-393C-A187-9AC3BD265645}.MinSizeRel|x64.ActiveCfg = MinSizeRel|x64
		{55FA4682-42B1-393C-A187-9AC3BD265645}.MinSizeRel|x64.Build.0 = MinSizeRel|x64
		{55FA4682-42B1-393C-A187-9AC3BD265645}.RelWithDebInfo|x64.ActiveCfg = RelWithDebInfo|x64
		{55FA4682-42B1-393C-A187-9AC3BD265645}.RelWithDebInfo|x64.Build.0 = RelWithDebInfo|x64
		{246E3889-A931-3388-A4C1-C01D08BB0827}.Debug|x64.ActiveCfg = Debug|x64
		{246E3889-A931-3388-A4C1-C01D08BB0827}.Debug|x64.Build.0 = Debug|x64
		{246E3889-A931-3388-A4C1-C01D08BB0827}.Release|x64.ActiveCfg = Release|x64
		{246E3889-A931-3388-A4C1-C01D08BB0827}.Release|x64.Build.0 = Release|x64
		{246E3889-A931-3388-A4C1-C01D08BB0827}.MinSizeRel|x64.ActiveCfg = MinSizeRel|x64
		{246E3889-A931-3388-A4C1-C01D08BB0827}.MinSizeRel|x64.Build.0 = MinSizeRel|x64
		{246E3889-A931-3388-A4C1-C01D08BB0827}.RelWithDebInfo|x64.ActiveCfg = RelWithDebInfo|x64
		{246E3889-A931-3388-A4C1-C01D08BB0827}.RelWithDebInfo|x64.Build.0 = RelWithDebInfo|x64
		{519B1D8E-F152-3AEE-9625-191F50087075}.Debug|x64.ActiveCfg = Debug|x64
		{519B1D8E-F152-3AEE-9625-191F50087075}.Debug|x64.Build.0 = Debug|x64
		{519B1D8E-F152-3AEE-9625-191F50087075}.Release|x64.ActiveCfg = Release|x64
		{519B1D8E-F152-3AEE-9625-191F50087075}.Release|x64.Build.0 = Release|x64
		{519B1D8E-F152-3AEE-9625-191F50087075}.MinSizeRel|x64.ActiveCfg = MinSizeRel|x64
		{519B1D8E-F152-3AEE-9625-191F50087075}.MinSizeRel|x64.Build.0 = MinSizeRel|x64
		{519B1D8E-F152-3AEE-9625-191F50087075}.RelWithDebInfo|x64.ActiveCfg = RelWithDebInfo|x64
		{519B1D8E-F152-3AEE-9625-191F50087075}.RelWithDebInfo|x64.Build.0 = RelWithDebInfo|x64
		{450915CF-4A37-3D93-9A34-4D58EA41E2F6}.Debug|x64.ActiveCfg = Debug|x64
		{450915CF-4A37-3D93-9A34-4D58EA41E2F6}.Release|x64.ActiveCfg = Release|x64
		{450915CF-4A37-3D93-9A34-4D58EA41E2F6}.MinSizeRel|x64.ActiveCfg = MinSizeRel|x64
		{450915CF-4A37-3D93-9A34-4D58EA41E2F6}.RelWithDebInfo|x64.ActiveCfg = RelWithDebInfo|x64
		{5BE45745-E4E1-3AC8-AC62-1948F39F48AC}.Debug|x64.ActiveCfg = Debug|x64
		{5BE45745-E4E1-3AC8-AC62-1948F39F48AC}.Debug|x64.Build.0 = Debug|x64
		{5BE45745-E4E1-3AC8-AC62-1948F39F48AC}.Release|x64.ActiveCfg = Release|x64
		{5BE45745-E4E1-3AC8-AC62-1948F39F48AC}.Release|x64.Build.0 = Release|x64
		{5BE45745-E4E1-3AC8-AC62-1948F39F48AC}.MinSizeRel|x64.ActiveCfg = MinSizeRel|x64
		{5BE45745-E4E1-3AC8-AC62-1948F39F48AC}.MinSizeRel|x64.Build.0 = MinSizeRel|x64
		{5BE45745-E4E1-3AC8-AC62-1948F39F48AC}.RelWithDebInfo|x64.ActiveCfg = RelWithDebInfo|x64
		{5BE45745-E4E1-3AC8-AC62-1948F39F48AC}.RelWithDebInfo|x64.Build.0 = RelWithDebInfo|x64
	EndGlobalSection
	GlobalSection(ExtensibilityGlobals) = postSolution
		SolutionGuid = {8AE85FBF-FEE1-3ACF-973C-E27795DB540D}
	EndGlobalSection
	GlobalSection(ExtensibilityAddIns) = postSolution
	EndGlobalSection
EndGlobal
