<?xml version="1.0" encoding="utf-8"?>
<Project ToolsVersion="4.0" xmlns="http://schemas.microsoft.com/developer/msbuild/2003">
  <ItemGroup>
    <Filter Include="src">
      <UniqueIdentifier>{95e11437-89df-4463-bf9e-59659217ab41}</UniqueIdentifier>
    </Filter>
    <Filter Include="src\chess">
      <UniqueIdentifier>{86dfadfa-7dfa-4af7-9dfc-6014505104f6}</UniqueIdentifier>
    </Filter>
  </ItemGroup>
  <ItemGroup>
    <ClInclude Include="src\api.h">
      <Filter>src</Filter>
    </ClInclude>
    <ClInclude Include="resource.h" />
    <ClInclude Include="src\chess\chess.h">
      <Filter>src\chess</Filter>
    </ClInclude>
  </ItemGroup>
  <ItemGroup>
    <ClCompile Include="src\api.cpp">
      <Filter>src</Filter>
    </ClCompile>
    <ClCompile Include="src\chess\bishop.cpp">
      <Filter>src\chess</Filter>
    </ClCompile>
    <ClCompile Include="src\chess\evaluate.cpp">
      <Filter>src\chess</Filter>
    </ClCompile>
    <ClCompile Include="src\chess\execute.cpp">
      <Filter>src\chess</Filter>
    </ClCompile>
    <ClCompile Include="src\chess\king.cpp">
      <Filter>src\chess</Filter>
    </ClCompile>
    <ClCompile Include="src\chess\knight.cpp">
      <Filter>src\chess</Filter>
    </ClCompile>
    <ClCompile Include="src\chess\minimax.cpp">
      <Filter>src\chess</Filter>
    </ClCompile>
    <ClCompile Include="src\chess\move.cpp">
      <Filter>src\chess</Filter>
    </ClCompile>
    <ClCompile Include="src\chess\pawn.cpp">
      <Filter>src\chess</Filter>
    </ClCompile>
    <ClCompile Include="src\chess\queen.cpp">
      <Filter>src\chess</Filter>
    </ClCompile>
    <ClCompile Include="src\chess\rook.cpp">
      <Filter>src\chess</Filter>
    </ClCompile>
    <ClCompile Include="src\chess\tree.cpp">
      <Filter>src\chess</Filter>
    </ClCompile>
  </ItemGroup>
  <ItemGroup>
    <ResourceCompile Include="royalty.rc" />
  </ItemGroup>
</Project>